
Microsoft Visual Studio Solution File, Format Version 12.00
# Visual Studio Version 17
VisualStudioVersion = 17.11.35327.3
MinimumVisualStudioVersion = 10.0.40219.1
Project("{8BC9CEB8-8B4A-11D0-8D11-00A0C91BC942}") = "c-language", "c-language\c-language.vcxproj", "{20393D61-E6DD-4EF3-9855-DF6C3A4ECF1A}"
EndProject
Global
	GlobalSection(SolutionConfigurationPlatforms) = preSolution
		Debug|x64 = Debug|x64
		Debug|x86 = Debug|x86
		Release|x64 = Release|x64
		Release|x86 = Release|x86
	EndGlobalSection
	GlobalSection(ProjectConfigurationPlatforms) = postSolution
		{20393D61-E6DD-4EF3-9855-DF6C3A4ECF1A}.Debug|x64.ActiveCfg = Debug|x64
		{20393D61-E6DD-4EF3-9855-DF6C3A4ECF1A}.Debug|x64.Build.0 = Debug|x64
		{20393D61-E6DD-4EF3-9855-DF6C3A4ECF1A}.Debug|x86.ActiveCfg = Debug|Win32
		{20393D61-E6DD-4EF3-9855-DF6C3A4ECF1A}.Debug|x86.Build.0 = Debug|Win32
		{20393D61-E6DD-4EF3-9855-DF6C3A4ECF1A}.Release|x64.ActiveCfg = Release|x64
		{20393D61-E6DD-4EF3-9855-DF6C3A4ECF1A}.Release|x64.Build.0 = Release|x64
		{20393D61-E6DD-4EF3-9855-DF6C3A4ECF1A}.Release|x86.ActiveCfg = Release|Win32
		{20393D61-E6DD-4EF3-9855-DF6C3A4ECF1A}.Release|x86.Build.0 = Release|Win32
	EndGlobalSection
	GlobalSection(SolutionProperties) = preSolution
		HideSolutionNode = FALSE
	EndGlobalSection
	GlobalSection(ExtensibilityGlobals) = postSolution
		SolutionGuid = {7121D8E3-BFA9-4BDC-89C1-FB62F2656257}
	EndGlobalSection
EndGlobal
